
Microsoft Visual Studio Solution File, Format Version 12.00
# Visual Studio Version 17
VisualStudioVersion = 17.7.34202.233
MinimumVisualStudioVersion = 10.0.40219.1
Project("{FAE04EC0-301F-11D3-BF4B-00C04F79EFBC}") = "backend", "backend.csproj", "{52032D1D-ABCE-486F-9A7B-93B374378882}"
EndProject
Global
	GlobalSection(SolutionConfigurationPlatforms) = preSolution
		Debug|Any CPU = Debug|Any CPU
		Release|Any CPU = Release|Any CPU
	EndGlobalSection
	GlobalSection(ProjectConfigurationPlatforms) = postSolution
		{52032D1D-ABCE-486F-9A7B-93B374378882}.Debug|Any CPU.ActiveCfg = Debug|Any CPU
		{52032D1D-ABCE-486F-9A7B-93B374378882}.Debug|Any CPU.Build.0 = Debug|Any CPU
		{52032D1D-ABCE-486F-9A7B-93B374378882}.Release|Any CPU.ActiveCfg = Release|Any CPU
		{52032D1D-ABCE-486F-9A7B-93B374378882}.Release|Any CPU.Build.0 = Release|Any CPU
	EndGlobalSection
	GlobalSection(SolutionProperties) = preSolution
		HideSolutionNode = FALSE
	EndGlobalSection
	GlobalSection(ExtensibilityGlobals) = postSolution
		SolutionGuid = {D5761143-8EAC-4696-A910-48BC2EBD58D4}
	EndGlobalSection
EndGlobal
