
Microsoft Visual Studio Solution File, Format Version 12.00
# Visual Studio Version 17
VisualStudioVersion = 17.9.34622.214
MinimumVisualStudioVersion = 10.0.40219.1
Project("{FAE04EC0-301F-11D3-BF4B-00C04F79EFBC}") = "backend", "backend.csproj", "{16E7EDBF-5DE0-4B08-81EA-E7C684F8FC03}"
EndProject
Global
	GlobalSection(SolutionConfigurationPlatforms) = preSolution
		Debug|Any CPU = Debug|Any CPU
		Release|Any CPU = Release|Any CPU
	EndGlobalSection
	GlobalSection(ProjectConfigurationPlatforms) = postSolution
		{16E7EDBF-5DE0-4B08-81EA-E7C684F8FC03}.Debug|Any CPU.ActiveCfg = Debug|Any CPU
		{16E7EDBF-5DE0-4B08-81EA-E7C684F8FC03}.Debug|Any CPU.Build.0 = Debug|Any CPU
		{16E7EDBF-5DE0-4B08-81EA-E7C684F8FC03}.Release|Any CPU.ActiveCfg = Release|Any CPU
		{16E7EDBF-5DE0-4B08-81EA-E7C684F8FC03}.Release|Any CPU.Build.0 = Release|Any CPU
	EndGlobalSection
	GlobalSection(SolutionProperties) = preSolution
		HideSolutionNode = FALSE
	EndGlobalSection
	GlobalSection(ExtensibilityGlobals) = postSolution
		SolutionGuid = {581277EE-4D4C-48FB-B24A-11BB64782E36}
	EndGlobalSection
EndGlobal
